
Microsoft Visual Studio Solution File, Format Version 12.00
# Visual Studio 15
VisualStudioVersion = 15.0.28307.1705
MinimumVisualStudioVersion = 10.0.40219.1
Project("{FAE04EC0-301F-11D3-BF4B-00C04F79EFBC}") = "prog.3.1form", "prog.3.1form\prog.3.1form.csproj", "{975BA2A7-4AEC-47D5-9061-ACAAFE3CFA59}"
EndProject
Global
	GlobalSection(SolutionConfigurationPlatforms) = preSolution
		Debug|Any CPU = Debug|Any CPU
		Release|Any CPU = Release|Any CPU
	EndGlobalSection
	GlobalSection(ProjectConfigurationPlatforms) = postSolution
		{975BA2A7-4AEC-47D5-9061-ACAAFE3CFA59}.Debug|Any CPU.ActiveCfg = Debug|Any CPU
		{975BA2A7-4AEC-47D5-9061-ACAAFE3CFA59}.Debug|Any CPU.Build.0 = Debug|Any CPU
		{975BA2A7-4AEC-47D5-9061-ACAAFE3CFA59}.Release|Any CPU.ActiveCfg = Release|Any CPU
		{975BA2A7-4AEC-47D5-9061-ACAAFE3CFA59}.Release|Any CPU.Build.0 = Release|Any CPU
	EndGlobalSection
	GlobalSection(SolutionProperties) = preSolution
		HideSolutionNode = FALSE
	EndGlobalSection
	GlobalSection(ExtensibilityGlobals) = postSolution
		SolutionGuid = {2B6E7BDB-6D0E-4075-B2FD-395D31F159C4}
	EndGlobalSection
EndGlobal
